
Microsoft Visual Studio Solution File, Format Version 12.00
# Visual Studio Version 16
VisualStudioVersion = 16.0.30804.86
MinimumVisualStudioVersion = 10.0.40219.1
Project("{9A19103F-16F7-4668-BE54-9A1E7A4F7556}") = "TfsDeploymentChecker.UI", "TfsDeploymentChecker.UI\TfsDeploymentChecker.UI.csproj", "{85D1C215-FEA6-471B-B2C4-F6501FA410CE}"
EndProject
Project("{9A19103F-16F7-4668-BE54-9A1E7A4F7556}") = "TfsDeploymentChecker.BusinessLogic", "TfsDeploymentChecker.BusinessLogic\TfsDeploymentChecker.BusinessLogic.csproj", "{18BEF3A8-3050-4661-8BF5-ED0071A42DBC}"
EndProject
Project("{9A19103F-16F7-4668-BE54-9A1E7A4F7556}") = "TfsDeploymentChecker.Models", "TfsDeploymentChecker.Models\TfsDeploymentChecker.Models.csproj", "{A06CBC9F-FE57-4A24-A988-9E7EE39EE802}"
EndProject
Project("{2150E333-8FDC-42A3-9474-1A3956D46DE8}") = "Solution Items", "Solution Items", "{92421AE7-5A49-430F-BF48-973BA09DF35F}"
	ProjectSection(SolutionItems) = preProject
		.editorconfig = .editorconfig
		Settings.StyleCop = Settings.StyleCop
	EndProjectSection
EndProject
Project("{E53339B2-1760-4266-BCC7-CA923CBCF16C}") = "docker-compose", "docker-compose.dcproj", "{7D870269-33C3-4211-B45F-AFDC8D126D87}"
EndProject
Project("{9A19103F-16F7-4668-BE54-9A1E7A4F7556}") = "TfsDeploymentChecker.BusinessLogic.UnitTests", "TfsDeploymentChecker.BusinessLogic.UnitTests\TfsDeploymentChecker.BusinessLogic.UnitTests.csproj", "{A3A3485A-87B0-4029-9DAB-B8A2C42D04B6}"
EndProject
Global
	GlobalSection(SolutionConfigurationPlatforms) = preSolution
		Debug|Any CPU = Debug|Any CPU
		Release|Any CPU = Release|Any CPU
	EndGlobalSection
	GlobalSection(ProjectConfigurationPlatforms) = postSolution
		{85D1C215-FEA6-471B-B2C4-F6501FA410CE}.Debug|Any CPU.ActiveCfg = Debug|Any CPU
		{85D1C215-FEA6-471B-B2C4-F6501FA410CE}.Debug|Any CPU.Build.0 = Debug|Any CPU
		{85D1C215-FEA6-471B-B2C4-F6501FA410CE}.Release|Any CPU.ActiveCfg = Release|Any CPU
		{85D1C215-FEA6-471B-B2C4-F6501FA410CE}.Release|Any CPU.Build.0 = Release|Any CPU
		{18BEF3A8-3050-4661-8BF5-ED0071A42DBC}.Debug|Any CPU.ActiveCfg = Debug|Any CPU
		{18BEF3A8-3050-4661-8BF5-ED0071A42DBC}.Debug|Any CPU.Build.0 = Debug|Any CPU
		{18BEF3A8-3050-4661-8BF5-ED0071A42DBC}.Release|Any CPU.ActiveCfg = Release|Any CPU
		{18BEF3A8-3050-4661-8BF5-ED0071A42DBC}.Release|Any CPU.Build.0 = Release|Any CPU
		{A06CBC9F-FE57-4A24-A988-9E7EE39EE802}.Debug|Any CPU.ActiveCfg = Debug|Any CPU
		{A06CBC9F-FE57-4A24-A988-9E7EE39EE802}.Debug|Any CPU.Build.0 = Debug|Any CPU
		{A06CBC9F-FE57-4A24-A988-9E7EE39EE802}.Release|Any CPU.ActiveCfg = Release|Any CPU
		{A06CBC9F-FE57-4A24-A988-9E7EE39EE802}.Release|Any CPU.Build.0 = Release|Any CPU
		{7D870269-33C3-4211-B45F-AFDC8D126D87}.Debug|Any CPU.ActiveCfg = Debug|Any CPU
		{7D870269-33C3-4211-B45F-AFDC8D126D87}.Debug|Any CPU.Build.0 = Debug|Any CPU
		{7D870269-33C3-4211-B45F-AFDC8D126D87}.Release|Any CPU.ActiveCfg = Release|Any CPU
		{7D870269-33C3-4211-B45F-AFDC8D126D87}.Release|Any CPU.Build.0 = Release|Any CPU
		{A3A3485A-87B0-4029-9DAB-B8A2C42D04B6}.Debug|Any CPU.ActiveCfg = Debug|Any CPU
		{A3A3485A-87B0-4029-9DAB-B8A2C42D04B6}.Debug|Any CPU.Build.0 = Debug|Any CPU
		{A3A3485A-87B0-4029-9DAB-B8A2C42D04B6}.Release|Any CPU.ActiveCfg = Release|Any CPU
		{A3A3485A-87B0-4029-9DAB-B8A2C42D04B6}.Release|Any CPU.Build.0 = Release|Any CPU
	EndGlobalSection
	GlobalSection(SolutionProperties) = preSolution
		HideSolutionNode = FALSE
	EndGlobalSection
	GlobalSection(ExtensibilityGlobals) = postSolution
		SolutionGuid = {CD1D2663-925D-4DFF-A8AA-16B301CB2619}
	EndGlobalSection
EndGlobal
